{
  "name": "casa-de-infonavit",
  "lockfileVersion": 3,
  "requires": true,
  "packages": {
    "": {
      "dependencies": {
        "gsap": "^3.12.7",
        "three": "^0.129.0"
      }
    },
    "node_modules/gsap": {
      "version": "3.12.7",
      "resolved": "https://registry.npmjs.org/gsap/-/gsap-3.12.7.tgz",
      "integrity": "sha512-V4GsyVamhmKefvcAKaoy0h6si0xX7ogwBoBSs2CTJwt7luW0oZzC0LhdkyuKV8PJAXr7Yaj8pMjCKD4GJ+eEMg==",
      "license": "Standard 'no charge' license: https://gsap.com/standard-license. Club GSAP members get more: https://gsap.com/licensing/. Why GreenSock doesn't employ an MIT license: https://gsap.com/why-license/"
    },
    "node_modules/three": {
      "version": "0.129.0",
      "resolved": "https://registry.npmjs.org/three/-/three-0.129.0.tgz",
      "integrity": "sha512-wiWio1yVRg2Oj6WEWsTHQo5eSzYpEwSBtPSi3OofNpvFbf26HFfb9kw4FZJNjII4qxzp0b1xLB11+tKkBGB1ZA==",
      "license": "MIT"
    }
  }
}
